
Microsoft Visual Studio Solution File, Format Version 12.00
# Visual Studio 15
VisualStudioVersion = 15.0.27703.2035
MinimumVisualStudioVersion = 10.0.40219.1
Project("{FAE04EC0-301F-11D3-BF4B-00C04F79EFBC}") = "copsV", "copsV\copsV.csproj", "{86462F1D-6ECE-49E9-9ADC-71FC7C214102}"
EndProject
Global
	GlobalSection(SolutionConfigurationPlatforms) = preSolution
		Debug|Any CPU = Debug|Any CPU
		Release|Any CPU = Release|Any CPU
	EndGlobalSection
	GlobalSection(ProjectConfigurationPlatforms) = postSolution
		{86462F1D-6ECE-49E9-9ADC-71FC7C214102}.Debug|Any CPU.ActiveCfg = Debug|Any CPU
		{86462F1D-6ECE-49E9-9ADC-71FC7C214102}.Debug|Any CPU.Build.0 = Debug|Any CPU
		{86462F1D-6ECE-49E9-9ADC-71FC7C214102}.Release|Any CPU.ActiveCfg = Release|Any CPU
		{86462F1D-6ECE-49E9-9ADC-71FC7C214102}.Release|Any CPU.Build.0 = Release|Any CPU
	EndGlobalSection
	GlobalSection(SolutionProperties) = preSolution
		HideSolutionNode = FALSE
	EndGlobalSection
	GlobalSection(ExtensibilityGlobals) = postSolution
		SolutionGuid = {3D43A212-EF9F-4E42-81C4-570D3E7C4713}
	EndGlobalSection
EndGlobal
